// !$*UTF8*$!
{
	archiveVersion = 1;
	classes = {
	};
	objectVersion = 46;
	objects = {

/* Begin PBXBuildFile section */
		D8CA131B1DB29E81001FF5FF /* AppDelegate.swift in Sources */ = {isa = PBXBuildFile; fileRef = D8CA131A1DB29E81001FF5FF /* AppDelegate.swift */; };
		D8CA131D1DB29E81001FF5FF /* ViewController.swift in Sources */ = {isa = PBXBuildFile; fileRef = D8CA131C1DB29E81001FF5FF /* ViewController.swift */; };
		D8CA13201DB29E81001FF5FF /* Main.storyboard in Resources */ = {isa = PBXBuildFile; fileRef = D8CA131E1DB29E81001FF5FF /* Main.storyboard */; };
		D8CA13221DB29E81001FF5FF /* Assets.xcassets in Resources */ = {isa = PBXBuildFile; fileRef = D8CA13211DB29E81001FF5FF /* Assets.xcassets */; };
		D8CA13251DB29E81001FF5FF /* LaunchScreen.storyboard in Resources */ = {isa = PBXBuildFile; fileRef = D8CA13231DB29E81001FF5FF /* LaunchScreen.storyboard */; };
/* End PBXBuildFile section */

/* Begin PBXFileReference section */
		D8CA13171DB29E81001FF5FF /* RangeSlider.app */ = {isa = PBXFileReference; explicitFileType = wrapper.application; includeInIndex = 0; path = RangeSlider.app; sourceTree = BUILT_PRODUCTS_DIR; };
		D8CA131A1DB29E81001FF5FF /* AppDelegate.swift */ = {isa = PBXFileReference; lastKnownFileType = sourcecode.swift; path = AppDelegate.swift; sourceTree = "<group>"; };
		D8CA131C1DB29E81001FF5FF /* ViewController.swift */ = {isa = PBXFileReference; lastKnownFileType = sourcecode.swift; path = ViewController.swift; sourceTree = "<group>"; };
		D8CA131F1DB29E81001FF5FF /* Base */ = {isa = PBXFileReference; lastKnownFileType = file.storyboard; name = Base; path = Base.lproj/Main.storyboard; sourceTree = "<group>"; };
		D8CA13211DB29E81001FF5FF /* Assets.xcassets */ = {isa = PBXFileReference; lastKnownFileType = folder.assetcatalog; path = Assets.xcassets; sourceTree = "<group>"; };
		D8CA13241DB29E81001FF5FF /* Base */ = {isa = PBXFileReference; lastKnownFileType = file.storyboard; name = Base; path = Base.lproj/LaunchScreen.storyboard; sourceTree = "<group>"; };
		D8CA13261DB29E81001FF5FF /* Info.plist */ = {isa = PBXFileReference; lastKnownFileType = text.plist.xml; path = Info.plist; sourceTree = "<group>"; };
/* End PBXFileReference section */

/* Begin PBXFrameworksBuildPhase section */
		D8CA13141DB29E81001FF5FF /* Frameworks */ = {
			isa = PBXFrameworksBuildPhase;
			buildActionMask = 2147483647;
			files = (
			);
			runOnlyForDeploymentPostprocessing = 0;
		};
/* End PBXFrameworksBuildPhase section */

/* Begin PBXGroup section */
		D8CA130E1DB29E81001FF5FF = {
			isa = PBXGroup;
			children = (
				D8CA13191DB29E81001FF5FF /* RangeSlider */,
				D8CA13181DB29E81001FF5FF /* Products */,
			);
			sourceTree = "<group>";
		};
		D8CA13181DB29E81001FF5FF /* Products */ = {
			isa = PBXGroup;
			children = (
				D8CA13171DB29E81001FF5FF /* RangeSlider.app */,
			);
			name = Products;
			sourceTree = "<group>";
		};
		D8CA13191DB29E81001FF5FF /* RangeSlider */ = {
			isa = PBXGroup;
			children = (
				D8CA131A1DB29E81001FF5FF /* AppDelegate.swift */,
				D8CA131C1DB29E81001FF5FF /* ViewController.swift */,
				D8CA131E1DB29E81001FF5FF /* Main.storyboard */,
				D8CA13211DB29E81001FF5FF /* Assets.xcassets */,
				D8CA13231DB29E81001FF5FF /* LaunchScreen.storyboard */,
				D8CA13261DB29E81001FF5FF /* Info.plist */,
			);
			path = RangeSlider;
			sourceTree = "<group>";
		};
/* End PBXGroup section */

/* Begin PBXNativeTarget section */
		D8CA13161DB29E81001FF5FF /* RangeSlider */ = {
			isa = PBXNativeTarget;
			buildConfigurationList = D8CA13291DB29E81001FF5FF /* Build configuration list for PBXNativeTarget "RangeSlider" */;
			buildPhases = (
				D8CA13131DB29E81001FF5FF /* Sources */,
				D8CA13141DB29E81001FF5FF /* Frameworks */,
				D8CA13151DB29E81001FF5FF /* Resources */,
			);
			buildRules = (
			);
			dependencies = (
			);
			name = RangeSlider;
			productName = RangeSlider;
			productReference = D8CA13171DB29E81001FF5FF /* RangeSlider.app */;
			productType = "com.apple.product-type.application";
		};
/* End PBXNativeTarget section */

/* Begin PBXProject section */
		D8CA130F1DB29E81001FF5FF /* Project object */ = {
			isa = PBXProject;
			attributes = {
				LastSwiftUpdateCheck = 0800;
				LastUpgradeCheck = 0800;
				ORGANIZATIONNAME = "Harry Nelken";
				TargetAttributes = {
					D8CA13161DB29E81001FF5FF = {
						CreatedOnToolsVersion = 8.0;
						DevelopmentTeam = X7WMT94Y93;
						ProvisioningStyle = Automatic;
					};
				};
			};
			buildConfigurationList = D8CA13121DB29E81001FF5FF /* Build configuration list for PBXProject "RangeSlider" */;
			compatibilityVersion = "Xcode 3.2";
			developmentRegion = English;
			hasScannedForEncodings = 0;
			knownRegions = (
				en,
				Base,
			);
			mainGroup = D8CA130E1DB29E81001FF5FF;
			productRefGroup = D8CA13181DB29E81001FF5FF /* Products */;
			projectDirPath = "";
			projectRoot = "";
			targets = (
				D8CA13161DB29E81001FF5FF /* RangeSlider */,
			);
		};
/* End PBXProject section */

/* Begin PBXResourcesBuildPhase section */
		D8CA13151DB29E81001FF5FF /* Resources */ = {
			isa = PBXResourcesBuildPhase;
			buildActionMask = 2147483647;
			files = (
				D8CA13251DB29E81001FF5FF /* LaunchScreen.storyboard in Resources */,
				D8CA13221DB29E81001FF5FF /* Assets.xcassets in Resources */,
				D8CA13201DB29E81001FF5FF /* Main.storyboard in Resources */,
			);
			runOnlyForDeploymentPostprocessing = 0;
		};
/* End PBXResourcesBuildPhase section */

/* Begin PBXSourcesBuildPhase section */
		D8CA13131DB29E81001FF5FF /* Sources */ = {
			isa = PBXSourcesBuildPhase;
			buildActionMask = 2147483647;
			files = (
				D8CA131D1DB29E81001FF5FF /* ViewController.swift in Sources */,
				D8CA131B1DB29E81001FF5FF /* AppDelegate.swift in Sources */,
			);
			runOnlyForDeploymentPostprocessing = 0;
		};
/* End PBXSourcesBuildPhase section */

/* Begin PBXVariantGroup section */
		D8CA131E1DB29E81001FF5FF /* Main.storyboard */ = {
			isa = PBXVariantGroup;
			children = (
				D8CA131F1DB29E81001FF5FF /* Base */,
			);
			name = Main.storyboard;
			sourceTree = "<group>";
		};
		D8CA13231DB29E81001FF5FF /* LaunchScreen.storyboard */ = {
			isa = PBXVariantGroup;
			children = (
				D8CA13241DB29E81001FF5FF /* Base */,
			);
			name = LaunchScreen.storyboard;
			sourceTree = "<group>";
		};
/* End PBXVariantGroup section */

/* Begin XCBuildConfiguration section */
		D8CA13271DB29E81001FF5FF /* Debug */ = {
			isa = XCBuildConfiguration;
			buildSettings = {
				ALWAYS_SEARCH_USER_PATHS = NO;
				CLANG_ANALYZER_NONNULL = YES;
				CLANG_CXX_LANGUAGE_STANDARD = "gnu++0x";
				CLANG_CXX_LIBRARY = "libc++";
				CLANG_ENABLE_MODULES = YES;
				CLANG_ENABLE_OBJC_ARC = YES;
				CLANG_WARN_BOOL_CONVERSION = YES;
				CLANG_WARN_CONSTANT_CONVERSION = YES;
				CLANG_WARN_DIRECT_OBJC_ISA_USAGE = YES_ERROR;
				CLANG_WARN_DOCUMENTATION_COMMENTS = YES;
				CLANG_WARN_EMPTY_BODY = YES;
				CLANG_WARN_ENUM_CONVERSION = YES;
				CLANG_WARN_INFINITE_RECURSION = YES;
				CLANG_WARN_INT_CONVERSION = YES;
				CLANG_WARN_OBJC_ROOT_CLASS = YES_ERROR;
				CLANG_WARN_SUSPICIOUS_MOVES = YES;
				CLANG_WARN_UNREACHABLE_CODE = YES;
				CLANG_WARN__DUPLICATE_METHOD_MATCH = YES;
				"CODE_SIGN_IDENTITY[sdk=iphoneos*]" = "iPhone Developer";
				COPY_PHASE_STRIP = NO;
				DEBUG_INFORMATION_FORMAT = dwarf;
				ENABLE_STRICT_OBJC_MSGSEND = YES;
				ENABLE_TESTABILITY = YES;
				GCC_C_LANGUAGE_STANDARD = gnu99;
				GCC_DYNAMIC_NO_PIC = NO;
				GCC_NO_COMMON_BLOCKS = YES;
				GCC_OPTIMIZATION_LEVEL = 0;
				GCC_PREPROCESSOR_DEFINITIONS = (
					"DEBUG=1",
					"$(inherited)",
				);
				GCC_WARN_64_TO_32_BIT_CONVERSION = YES;
				GCC_WARN_ABOUT_RETURN_TYPE = YES_ERROR;
				GCC_WARN_UNDECLARED_SELECTOR = YES;
				GCC_WARN_UNINITIALIZED_AUTOS = YES_AGGRESSIVE;
				GCC_WARN_UNUSED_FUNCTION = YES;
				GCC_WARN_UNUSED_VARIABLE = YES;
				IPHONEOS_DEPLOYMENT_TARGET = 10.0;
				MTL_ENABLE_DEBUG_INFO = YES;
				ONLY_ACTIVE_ARCH = YES;
				SDKROOT = iphoneos;
				SWIFT_ACTIVE_COMPILATION_CONDITIONS = DEBUG;
				SWIFT_OPTIMIZATION_LEVEL = "-Onone";
				TARGETED_DEVICE_FAMILY = "1,2";
			};
			name = Debug;
		};
		D8CA13281DB29E81001FF5FF /* Release */ = {
			isa = XCBuildConfiguration;
			buildSettings = {
				ALWAYS_SEARCH_USER_PATHS = NO;
				CLANG_ANALYZER_NONNULL = YES;
				CLANG_CXX_LANGUAGE_STANDARD = "gnu++0x";
				CLANG_CXX_LIBRARY = "libc++";
				CLANG_ENABLE_MODULES = YES;
				CLANG_ENABLE_OBJC_ARC = YES;
				CLANG_WARN_BOOL_CONVERSION = YES;
				CLANG_WARN_CONSTANT_CONVERSION = YES;
				CLANG_WARN_DIRECT_OBJC_ISA_USAGE = YES_ERROR;
				CLANG_WARN_DOCUMENTATION_COMMENTS = YES;
				CLANG_WARN_EMPTY_BODY = YES;
				CLANG_WARN_ENUM_CONVERSION = YES;
				CLANG_WARN_INFINITE_RECURSION = YES;
				CLANG_WARN_INT_CONVERSION = YES;
				CLANG_WARN_OBJC_ROOT_CLASS = YES_ERROR;
				CLANG_WARN_SUSPICIOUS_MOVES = YES;
				CLANG_WARN_UNREACHABLE_CODE = YES;
				CLANG_WARN__DUPLICATE_METHOD_MATCH = YES;
				"CODE_SIGN_IDENTITY[sdk=iphoneos*]" = "iPhone Developer";
				COPY_PHASE_STRIP = NO;
				DEBUG_INFORMATION_FORMAT = "dwarf-with-dsym";
				ENABLE_NS_ASSERTIONS = NO;
				ENABLE_STRICT_OBJC_MSGSEND = YES;
				GCC_C_LANGUAGE_STANDARD = gnu99;
				GCC_NO_COMMON_BLOCKS = YES;
				GCC_WARN_64_TO_32_BIT_CONVERSION = YES;
				GCC_WARN_ABOUT_RETURN_TYPE = YES_ERROR;
				GCC_WARN_UNDECLARED_SELECTOR = YES;
				GCC_WARN_UNINITIALIZED_AUTOS = YES_AGGRESSIVE;
				GCC_WARN_UNUSED_FUNCTION = YES;
				GCC_WARN_UNUSED_VARIABLE = YES;
				IPHONEOS_DEPLOYMENT_TARGET = 10.0;
				MTL_ENABLE_DEBUG_INFO = NO;
				SDKROOT = iphoneos;
				SWIFT_OPTIMIZATION_LEVEL = "-Owholemodule";
				TARGETED_DEVICE_FAMILY = "1,2";
				VALIDATE_PRODUCT = YES;
			};
			name = Release;
		};
		D8CA132A1DB29E81001FF5FF /* Debug */ = {
			isa = XCBuildConfiguration;
			buildSettings = {
				ASSETCATALOG_COMPILER_APPICON_NAME = AppIcon;
				DEVELOPMENT_TEAM = X7WMT94Y93;
				INFOPLIST_FILE = RangeSlider/Info.plist;
				LD_RUNPATH_SEARCH_PATHS = "$(inherited) @executable_path/Frameworks";
				PRODUCT_BUNDLE_IDENTIFIER = com.hnelken.RangeSlider;
				PRODUCT_NAME = "$(TARGET_NAME)";
				SWIFT_VERSION = 3.0;
			};
			name = Debug;
		};
		D8CA132B1DB29E81001FF5FF /* Release */ = {
			isa = XCBuildConfiguration;
			buildSettings = {
				ASSETCATALOG_COMPILER_APPICON_NAME = AppIcon;
				DEVELOPMENT_TEAM = X7WMT94Y93;
				INFOPLIST_FILE = RangeSlider/Info.plist;
				LD_RUNPATH_SEARCH_PATHS = "$(inherited) @executable_path/Frameworks";
				PRODUCT_BUNDLE_IDENTIFIER = com.hnelken.RangeSlider;
				PRODUCT_NAME = "$(TARGET_NAME)";
				SWIFT_VERSION = 3.0;
			};
			name = Release;
		};
/* End XCBuildConfiguration section */

/* Begin XCConfigurationList section */
		D8CA13121DB29E81001FF5FF /* Build configuration list for PBXProject "RangeSlider" */ = {
			isa = XCConfigurationList;
			buildConfigurations = (
				D8CA13271DB29E81001FF5FF /* Debug */,
				D8CA13281DB29E81001FF5FF /* Release */,
			);
			defaultConfigurationIsVisible = 0;
			defaultConfigurationName = Release;
		};
		D8CA13291DB29E81001FF5FF /* Build configuration list for PBXNativeTarget "RangeSlider" */ = {
			isa = XCConfigurationList;
			buildConfigurations = (
				D8CA132A1DB29E81001FF5FF /* Debug */,
				D8CA132B1DB29E81001FF5FF /* Release */,
			);
			defaultConfigurationIsVisible = 0;
		};
/* End XCConfigurationList section */
	};
	rootObject = D8CA130F1DB29E81001FF5FF /* Project object */;
}
